{
  "name": "two-way-voice",
  "version": "1.0.0",
  "lockfileVersion": 3,
  "requires": true,
  "packages": {}
}
{
  "name": "meetstream-audio-bridge",
  "version": "1.0.0",
  "description": "Bi-directional WebSocket bridge between MeetStream and a browser-based voice model (e.g. Rime.ai)",
  "main": "websocket-server.js",
  "scripts": {
    "start": "node websocket-server.js"
  },
  "dependencies": {
    "ws": "^8.13.0"
  },
  "keywords": ["websocket", "audio", "meetstream", "puppeteer", "voice"],
  "author": "Your Name",
  "license": "MIT"
}